
Microsoft Visual Studio Solution File, Format Version 12.00
# Visual Studio Version 17
VisualStudioVersion = 17.8.34525.116
MinimumVisualStudioVersion = 10.0.40219.1
Project("{FAE04EC0-301F-11D3-BF4B-00C04F79EFBC}") = "MedicalStoreManagementSystem", "MedicalStoreManagementSystem.csproj", "{7DF009FF-FF66-433D-AEA5-6C1876A07B18}"
EndProject
Global
	GlobalSection(SolutionConfigurationPlatforms) = preSolution
		Debug|Any CPU = Debug|Any CPU
		Release|Any CPU = Release|Any CPU
	EndGlobalSection
	GlobalSection(ProjectConfigurationPlatforms) = postSolution
		{7DF009FF-FF66-433D-AEA5-6C1876A07B18}.Debug|Any CPU.ActiveCfg = Debug|Any CPU
		{7DF009FF-FF66-433D-AEA5-6C1876A07B18}.Debug|Any CPU.Build.0 = Debug|Any CPU
		{7DF009FF-FF66-433D-AEA5-6C1876A07B18}.Release|Any CPU.ActiveCfg = Release|Any CPU
		{7DF009FF-FF66-433D-AEA5-6C1876A07B18}.Release|Any CPU.Build.0 = Release|Any CPU
	EndGlobalSection
	GlobalSection(SolutionProperties) = preSolution
		HideSolutionNode = FALSE
	EndGlobalSection
	GlobalSection(ExtensibilityGlobals) = postSolution
		SolutionGuid = {3346512F-C513-43E6-B739-ECE9F69D3594}
	EndGlobalSection
EndGlobal
